
Microsoft Visual Studio Solution File, Format Version 12.00
# Visual Studio 15
VisualStudioVersion = 15.0.28010.2041
MinimumVisualStudioVersion = 10.0.40219.1
Project("{FAE04EC0-301F-11D3-BF4B-00C04F79EFBC}") = "01. Count Real Numbers", "01. Count Real Numbers\01. Count Real Numbers.csproj", "{49960E03-0CC0-4A28-8B73-13F04E0837C5}"
EndProject
Project("{FAE04EC0-301F-11D3-BF4B-00C04F79EFBC}") = "02. Odd Occurrences", "02. Odd Occurrences\02. Odd Occurrences.csproj", "{68893011-2414-43A7-AF0B-A0D3058E828A}"
EndProject
Project("{FAE04EC0-301F-11D3-BF4B-00C04F79EFBC}") = "03. Word Synonyms", "03. Word Synonyms\03. Word Synonyms.csproj", "{B813D756-4DAA-433A-AC0E-B3EBE55883FF}"
EndProject
Project("{FAE04EC0-301F-11D3-BF4B-00C04F79EFBC}") = "04. Largest 3 Numbers", "04. Largest 3 Numbers\04. Largest 3 Numbers.csproj", "{EBE510BB-D692-416F-929D-F36F00975C02}"
EndProject
Project("{FAE04EC0-301F-11D3-BF4B-00C04F79EFBC}") = "05. Word Filter", "05. Word Filter\05. Word Filter.csproj", "{4CD95CFB-262D-474F-9062-CBEFBC66DCB9}"
EndProject
Global
	GlobalSection(SolutionConfigurationPlatforms) = preSolution
		Debug|Any CPU = Debug|Any CPU
		Release|Any CPU = Release|Any CPU
	EndGlobalSection
	GlobalSection(ProjectConfigurationPlatforms) = postSolution
		{49960E03-0CC0-4A28-8B73-13F04E0837C5}.Debug|Any CPU.ActiveCfg = Debug|Any CPU
		{49960E03-0CC0-4A28-8B73-13F04E0837C5}.Debug|Any CPU.Build.0 = Debug|Any CPU
		{49960E03-0CC0-4A28-8B73-13F04E0837C5}.Release|Any CPU.ActiveCfg = Release|Any CPU
		{49960E03-0CC0-4A28-8B73-13F04E0837C5}.Release|Any CPU.Build.0 = Release|Any CPU
		{68893011-2414-43A7-AF0B-A0D3058E828A}.Debug|Any CPU.ActiveCfg = Debug|Any CPU
		{68893011-2414-43A7-AF0B-A0D3058E828A}.Debug|Any CPU.Build.0 = Debug|Any CPU
		{68893011-2414-43A7-AF0B-A0D3058E828A}.Release|Any CPU.ActiveCfg = Release|Any CPU
		{68893011-2414-43A7-AF0B-A0D3058E828A}.Release|Any CPU.Build.0 = Release|Any CPU
		{B813D756-4DAA-433A-AC0E-B3EBE55883FF}.Debug|Any CPU.ActiveCfg = Debug|Any CPU
		{B813D756-4DAA-433A-AC0E-B3EBE55883FF}.Debug|Any CPU.Build.0 = Debug|Any CPU
		{B813D756-4DAA-433A-AC0E-B3EBE55883FF}.Release|Any CPU.ActiveCfg = Release|Any CPU
		{B813D756-4DAA-433A-AC0E-B3EBE55883FF}.Release|Any CPU.Build.0 = Release|Any CPU
		{EBE510BB-D692-416F-929D-F36F00975C02}.Debug|Any CPU.ActiveCfg = Debug|Any CPU
		{EBE510BB-D692-416F-929D-F36F00975C02}.Debug|Any CPU.Build.0 = Debug|Any CPU
		{EBE510BB-D692-416F-929D-F36F00975C02}.Release|Any CPU.ActiveCfg = Release|Any CPU
		{EBE510BB-D692-416F-929D-F36F00975C02}.Release|Any CPU.Build.0 = Release|Any CPU
		{4CD95CFB-262D-474F-9062-CBEFBC66DCB9}.Debug|Any CPU.ActiveCfg = Debug|Any CPU
		{4CD95CFB-262D-474F-9062-CBEFBC66DCB9}.Debug|Any CPU.Build.0 = Debug|Any CPU
		{4CD95CFB-262D-474F-9062-CBEFBC66DCB9}.Release|Any CPU.ActiveCfg = Release|Any CPU
		{4CD95CFB-262D-474F-9062-CBEFBC66DCB9}.Release|Any CPU.Build.0 = Release|Any CPU
	EndGlobalSection
	GlobalSection(SolutionProperties) = preSolution
		HideSolutionNode = FALSE
	EndGlobalSection
	GlobalSection(ExtensibilityGlobals) = postSolution
		SolutionGuid = {E117E695-C056-4BE8-A29F-9465D5506A10}
	EndGlobalSection
EndGlobal
