
Microsoft Visual Studio Solution File, Format Version 12.00
# Visual Studio 15
VisualStudioVersion = 15.0.28010.2041
MinimumVisualStudioVersion = 10.0.40219.1
Project("{FAE04EC0-301F-11D3-BF4B-00C04F79EFBC}") = "01. Binary Digits Count", "01. Binary Digits Count\01. Binary Digits Count.csproj", "{46E4B486-3095-4412-97E1-1748E7651497}"
EndProject
Project("{FAE04EC0-301F-11D3-BF4B-00C04F79EFBC}") = "02. First Bit", "02. First Bit\02. First Bit.csproj", "{DE38C2F3-55BD-4CDA-B325-5B3700A01F61}"
EndProject
Project("{FAE04EC0-301F-11D3-BF4B-00C04F79EFBC}") = "03. p-th Bit", "03. p-th Bit\03. p-th Bit.csproj", "{E749F82A-1806-4249-B76A-55BF0D2CBD34}"
EndProject
Project("{FAE04EC0-301F-11D3-BF4B-00C04F79EFBC}") = "04. Bit Destroyer", "04. Bit Destroyer\04. Bit Destroyer.csproj", "{9500C72C-1B92-4956-A071-0BF4D914301A}"
EndProject
Project("{FAE04EC0-301F-11D3-BF4B-00C04F79EFBC}") = "05. Odd Times", "05. Odd Times\05. Odd Times.csproj", "{A26A023A-5976-4AEB-988D-0EF830048F71}"
EndProject
Project("{FAE04EC0-301F-11D3-BF4B-00C04F79EFBC}") = "06. Tri-bit Switch", "06. Tri-bit Switch\06. Tri-bit Switch.csproj", "{DF1023C0-C783-483B-B729-E1F2BD6660B8}"
EndProject
Global
	GlobalSection(SolutionConfigurationPlatforms) = preSolution
		Debug|Any CPU = Debug|Any CPU
		Release|Any CPU = Release|Any CPU
	EndGlobalSection
	GlobalSection(ProjectConfigurationPlatforms) = postSolution
		{46E4B486-3095-4412-97E1-1748E7651497}.Debug|Any CPU.ActiveCfg = Debug|Any CPU
		{46E4B486-3095-4412-97E1-1748E7651497}.Debug|Any CPU.Build.0 = Debug|Any CPU
		{46E4B486-3095-4412-97E1-1748E7651497}.Release|Any CPU.ActiveCfg = Release|Any CPU
		{46E4B486-3095-4412-97E1-1748E7651497}.Release|Any CPU.Build.0 = Release|Any CPU
		{DE38C2F3-55BD-4CDA-B325-5B3700A01F61}.Debug|Any CPU.ActiveCfg = Debug|Any CPU
		{DE38C2F3-55BD-4CDA-B325-5B3700A01F61}.Debug|Any CPU.Build.0 = Debug|Any CPU
		{DE38C2F3-55BD-4CDA-B325-5B3700A01F61}.Release|Any CPU.ActiveCfg = Release|Any CPU
		{DE38C2F3-55BD-4CDA-B325-5B3700A01F61}.Release|Any CPU.Build.0 = Release|Any CPU
		{E749F82A-1806-4249-B76A-55BF0D2CBD34}.Debug|Any CPU.ActiveCfg = Debug|Any CPU
		{E749F82A-1806-4249-B76A-55BF0D2CBD34}.Debug|Any CPU.Build.0 = Debug|Any CPU
		{E749F82A-1806-4249-B76A-55BF0D2CBD34}.Release|Any CPU.ActiveCfg = Release|Any CPU
		{E749F82A-1806-4249-B76A-55BF0D2CBD34}.Release|Any CPU.Build.0 = Release|Any CPU
		{9500C72C-1B92-4956-A071-0BF4D914301A}.Debug|Any CPU.ActiveCfg = Debug|Any CPU
		{9500C72C-1B92-4956-A071-0BF4D914301A}.Debug|Any CPU.Build.0 = Debug|Any CPU
		{9500C72C-1B92-4956-A071-0BF4D914301A}.Release|Any CPU.ActiveCfg = Release|Any CPU
		{9500C72C-1B92-4956-A071-0BF4D914301A}.Release|Any CPU.Build.0 = Release|Any CPU
		{A26A023A-5976-4AEB-988D-0EF830048F71}.Debug|Any CPU.ActiveCfg = Debug|Any CPU
		{A26A023A-5976-4AEB-988D-0EF830048F71}.Debug|Any CPU.Build.0 = Debug|Any CPU
		{A26A023A-5976-4AEB-988D-0EF830048F71}.Release|Any CPU.ActiveCfg = Release|Any CPU
		{A26A023A-5976-4AEB-988D-0EF830048F71}.Release|Any CPU.Build.0 = Release|Any CPU
		{DF1023C0-C783-483B-B729-E1F2BD6660B8}.Debug|Any CPU.ActiveCfg = Debug|Any CPU
		{DF1023C0-C783-483B-B729-E1F2BD6660B8}.Debug|Any CPU.Build.0 = Debug|Any CPU
		{DF1023C0-C783-483B-B729-E1F2BD6660B8}.Release|Any CPU.ActiveCfg = Release|Any CPU
		{DF1023C0-C783-483B-B729-E1F2BD6660B8}.Release|Any CPU.Build.0 = Release|Any CPU
	EndGlobalSection
	GlobalSection(SolutionProperties) = preSolution
		HideSolutionNode = FALSE
	EndGlobalSection
	GlobalSection(ExtensibilityGlobals) = postSolution
		SolutionGuid = {A2D89055-F021-491F-87D1-2534F9C3CFE1}
	EndGlobalSection
EndGlobal
