
Microsoft Visual Studio Solution File, Format Version 12.00
# Visual Studio 15
VisualStudioVersion = 15.0.28010.2041
MinimumVisualStudioVersion = 10.0.40219.1
Project("{FAE04EC0-301F-11D3-BF4B-00C04F79EFBC}") = "01. Data Types", "01. Data Types\01. Data Types.csproj", "{4C9C357D-C0F9-40F2-A1FE-206930F9414D}"
EndProject
Project("{FAE04EC0-301F-11D3-BF4B-00C04F79EFBC}") = "02. Center Point", "02. Center Point\02. Center Point.csproj", "{9DDEB666-1C1A-46F0-99A0-3F0AC1005D77}"
EndProject
Project("{FAE04EC0-301F-11D3-BF4B-00C04F79EFBC}") = "03. Longer Line", "03. Longer Line\03. Longer Line.csproj", "{1606EDC1-7AB8-497F-ACBF-AD1E6350EA09}"
EndProject
Project("{FAE04EC0-301F-11D3-BF4B-00C04F79EFBC}") = "04. Tribonacci Sequence", "04. Tribonacci Sequence\04. Tribonacci Sequence.csproj", "{20AF196D-FC3D-46FE-BE94-9E763E67DF1B}"
EndProject
Project("{FAE04EC0-301F-11D3-BF4B-00C04F79EFBC}") = "05. Multiplication Sign", "05. Multiplication Sign\05. Multiplication Sign.csproj", "{D577ED10-58F6-4A25-94DB-FACA405BF4E8}"
EndProject
Global
	GlobalSection(SolutionConfigurationPlatforms) = preSolution
		Debug|Any CPU = Debug|Any CPU
		Release|Any CPU = Release|Any CPU
	EndGlobalSection
	GlobalSection(ProjectConfigurationPlatforms) = postSolution
		{4C9C357D-C0F9-40F2-A1FE-206930F9414D}.Debug|Any CPU.ActiveCfg = Debug|Any CPU
		{4C9C357D-C0F9-40F2-A1FE-206930F9414D}.Debug|Any CPU.Build.0 = Debug|Any CPU
		{4C9C357D-C0F9-40F2-A1FE-206930F9414D}.Release|Any CPU.ActiveCfg = Release|Any CPU
		{4C9C357D-C0F9-40F2-A1FE-206930F9414D}.Release|Any CPU.Build.0 = Release|Any CPU
		{9DDEB666-1C1A-46F0-99A0-3F0AC1005D77}.Debug|Any CPU.ActiveCfg = Debug|Any CPU
		{9DDEB666-1C1A-46F0-99A0-3F0AC1005D77}.Debug|Any CPU.Build.0 = Debug|Any CPU
		{9DDEB666-1C1A-46F0-99A0-3F0AC1005D77}.Release|Any CPU.ActiveCfg = Release|Any CPU
		{9DDEB666-1C1A-46F0-99A0-3F0AC1005D77}.Release|Any CPU.Build.0 = Release|Any CPU
		{1606EDC1-7AB8-497F-ACBF-AD1E6350EA09}.Debug|Any CPU.ActiveCfg = Debug|Any CPU
		{1606EDC1-7AB8-497F-ACBF-AD1E6350EA09}.Debug|Any CPU.Build.0 = Debug|Any CPU
		{1606EDC1-7AB8-497F-ACBF-AD1E6350EA09}.Release|Any CPU.ActiveCfg = Release|Any CPU
		{1606EDC1-7AB8-497F-ACBF-AD1E6350EA09}.Release|Any CPU.Build.0 = Release|Any CPU
		{20AF196D-FC3D-46FE-BE94-9E763E67DF1B}.Debug|Any CPU.ActiveCfg = Debug|Any CPU
		{20AF196D-FC3D-46FE-BE94-9E763E67DF1B}.Debug|Any CPU.Build.0 = Debug|Any CPU
		{20AF196D-FC3D-46FE-BE94-9E763E67DF1B}.Release|Any CPU.ActiveCfg = Release|Any CPU
		{20AF196D-FC3D-46FE-BE94-9E763E67DF1B}.Release|Any CPU.Build.0 = Release|Any CPU
		{D577ED10-58F6-4A25-94DB-FACA405BF4E8}.Debug|Any CPU.ActiveCfg = Debug|Any CPU
		{D577ED10-58F6-4A25-94DB-FACA405BF4E8}.Debug|Any CPU.Build.0 = Debug|Any CPU
		{D577ED10-58F6-4A25-94DB-FACA405BF4E8}.Release|Any CPU.ActiveCfg = Release|Any CPU
		{D577ED10-58F6-4A25-94DB-FACA405BF4E8}.Release|Any CPU.Build.0 = Release|Any CPU
	EndGlobalSection
	GlobalSection(SolutionProperties) = preSolution
		HideSolutionNode = FALSE
	EndGlobalSection
	GlobalSection(ExtensibilityGlobals) = postSolution
		SolutionGuid = {064078CC-FC96-4776-B609-38306D4A376B}
	EndGlobalSection
EndGlobal
