
Microsoft Visual Studio Solution File, Format Version 12.00
# Visual Studio 15
VisualStudioVersion = 15.0.28010.2041
MinimumVisualStudioVersion = 10.0.40219.1
Project("{FAE04EC0-301F-11D3-BF4B-00C04F79EFBC}") = "01. Messaging", "01. Messaging\01. Messaging.csproj", "{BBE59839-BC67-4B5A-BB55-2C28DDA6AC05}"
EndProject
Project("{FAE04EC0-301F-11D3-BF4B-00C04F79EFBC}") = "02. Car Race", "02. Car Race\02. Car Race.csproj", "{2448BF70-FFF8-424A-AD39-70D23986BED9}"
EndProject
Project("{FAE04EC0-301F-11D3-BF4B-00C04F79EFBC}") = "03. TakeSkip Rope", "03. TakeSkip Rope\03. TakeSkip Rope.csproj", "{C6AB2862-B1ED-4D38-9993-0455AD8F7816}"
EndProject
Project("{FAE04EC0-301F-11D3-BF4B-00C04F79EFBC}") = "04. Mixed up Lists", "04. Mixed up Lists\04. Mixed up Lists.csproj", "{AFF8AFA0-438A-4D5D-B54F-EBFDAA54192F}"
EndProject
Project("{FAE04EC0-301F-11D3-BF4B-00C04F79EFBC}") = "05. Drum Set", "05. Drum Set\05. Drum Set.csproj", "{9B6ACD7A-2FDB-4201-A573-1E732330EC11}"
EndProject
Global
	GlobalSection(SolutionConfigurationPlatforms) = preSolution
		Debug|Any CPU = Debug|Any CPU
		Release|Any CPU = Release|Any CPU
	EndGlobalSection
	GlobalSection(ProjectConfigurationPlatforms) = postSolution
		{BBE59839-BC67-4B5A-BB55-2C28DDA6AC05}.Debug|Any CPU.ActiveCfg = Debug|Any CPU
		{BBE59839-BC67-4B5A-BB55-2C28DDA6AC05}.Debug|Any CPU.Build.0 = Debug|Any CPU
		{BBE59839-BC67-4B5A-BB55-2C28DDA6AC05}.Release|Any CPU.ActiveCfg = Release|Any CPU
		{BBE59839-BC67-4B5A-BB55-2C28DDA6AC05}.Release|Any CPU.Build.0 = Release|Any CPU
		{2448BF70-FFF8-424A-AD39-70D23986BED9}.Debug|Any CPU.ActiveCfg = Debug|Any CPU
		{2448BF70-FFF8-424A-AD39-70D23986BED9}.Debug|Any CPU.Build.0 = Debug|Any CPU
		{2448BF70-FFF8-424A-AD39-70D23986BED9}.Release|Any CPU.ActiveCfg = Release|Any CPU
		{2448BF70-FFF8-424A-AD39-70D23986BED9}.Release|Any CPU.Build.0 = Release|Any CPU
		{C6AB2862-B1ED-4D38-9993-0455AD8F7816}.Debug|Any CPU.ActiveCfg = Debug|Any CPU
		{C6AB2862-B1ED-4D38-9993-0455AD8F7816}.Debug|Any CPU.Build.0 = Debug|Any CPU
		{C6AB2862-B1ED-4D38-9993-0455AD8F7816}.Release|Any CPU.ActiveCfg = Release|Any CPU
		{C6AB2862-B1ED-4D38-9993-0455AD8F7816}.Release|Any CPU.Build.0 = Release|Any CPU
		{AFF8AFA0-438A-4D5D-B54F-EBFDAA54192F}.Debug|Any CPU.ActiveCfg = Debug|Any CPU
		{AFF8AFA0-438A-4D5D-B54F-EBFDAA54192F}.Debug|Any CPU.Build.0 = Debug|Any CPU
		{AFF8AFA0-438A-4D5D-B54F-EBFDAA54192F}.Release|Any CPU.ActiveCfg = Release|Any CPU
		{AFF8AFA0-438A-4D5D-B54F-EBFDAA54192F}.Release|Any CPU.Build.0 = Release|Any CPU
		{9B6ACD7A-2FDB-4201-A573-1E732330EC11}.Debug|Any CPU.ActiveCfg = Debug|Any CPU
		{9B6ACD7A-2FDB-4201-A573-1E732330EC11}.Debug|Any CPU.Build.0 = Debug|Any CPU
		{9B6ACD7A-2FDB-4201-A573-1E732330EC11}.Release|Any CPU.ActiveCfg = Release|Any CPU
		{9B6ACD7A-2FDB-4201-A573-1E732330EC11}.Release|Any CPU.Build.0 = Release|Any CPU
	EndGlobalSection
	GlobalSection(SolutionProperties) = preSolution
		HideSolutionNode = FALSE
	EndGlobalSection
	GlobalSection(ExtensibilityGlobals) = postSolution
		SolutionGuid = {96019113-A964-4DF5-8B50-404B158F8094}
	EndGlobalSection
EndGlobal
