
Microsoft Visual Studio Solution File, Format Version 12.00
# Visual Studio 15
VisualStudioVersion = 15.0.28307.136
MinimumVisualStudioVersion = 10.0.40219.1
Project("{FAE04EC0-301F-11D3-BF4B-00C04F79EFBC}") = "01. Concert", "01. Concert\01. Concert.csproj", "{4A614829-05F3-4AF5-A3D3-A8983B903B66}"
EndProject
Project("{FAE04EC0-301F-11D3-BF4B-00C04F79EFBC}") = "02. Song Encryption", "02. Song Encryption\02. Song Encryption.csproj", "{9899631C-BCB2-40C6-ABCF-BD0802E91578}"
EndProject
Global
	GlobalSection(SolutionConfigurationPlatforms) = preSolution
		Debug|Any CPU = Debug|Any CPU
		Release|Any CPU = Release|Any CPU
	EndGlobalSection
	GlobalSection(ProjectConfigurationPlatforms) = postSolution
		{4A614829-05F3-4AF5-A3D3-A8983B903B66}.Debug|Any CPU.ActiveCfg = Debug|Any CPU
		{4A614829-05F3-4AF5-A3D3-A8983B903B66}.Debug|Any CPU.Build.0 = Debug|Any CPU
		{4A614829-05F3-4AF5-A3D3-A8983B903B66}.Release|Any CPU.ActiveCfg = Release|Any CPU
		{4A614829-05F3-4AF5-A3D3-A8983B903B66}.Release|Any CPU.Build.0 = Release|Any CPU
		{9899631C-BCB2-40C6-ABCF-BD0802E91578}.Debug|Any CPU.ActiveCfg = Debug|Any CPU
		{9899631C-BCB2-40C6-ABCF-BD0802E91578}.Debug|Any CPU.Build.0 = Debug|Any CPU
		{9899631C-BCB2-40C6-ABCF-BD0802E91578}.Release|Any CPU.ActiveCfg = Release|Any CPU
		{9899631C-BCB2-40C6-ABCF-BD0802E91578}.Release|Any CPU.Build.0 = Release|Any CPU
	EndGlobalSection
	GlobalSection(SolutionProperties) = preSolution
		HideSolutionNode = FALSE
	EndGlobalSection
	GlobalSection(ExtensibilityGlobals) = postSolution
		SolutionGuid = {C09C60C1-B51E-4400-BF46-59307A600D65}
	EndGlobalSection
EndGlobal
